// !$*UTF8*$!
{
	archiveVersion = 1;
	classes = {
	};
	objectVersion = 56;
	objects = {

/* Begin PBXBuildFile section */
		EAED48FE2AD9B14E00DF4348 /* week6App.swift in Sources */ = {isa = PBXBuildFile; fileRef = EAED48FD2AD9B14E00DF4348 /* week6App.swift */; };
		EAED49002AD9B14E00DF4348 /* ContentView.swift in Sources */ = {isa = PBXBuildFile; fileRef = EAED48FF2AD9B14E00DF4348 /* ContentView.swift */; };
		EAED49022AD9B15500DF4348 /* Assets.xcassets in Resources */ = {isa = PBXBuildFile; fileRef = EAED49012AD9B15500DF4348 /* Assets.xcassets */; };
		EAED49052AD9B15500DF4348 /* Preview Assets.xcassets in Resources */ = {isa = PBXBuildFile; fileRef = EAED49042AD9B15500DF4348 /* Preview Assets.xcassets */; };
		EAED490F2AD9B15500DF4348 /* week6Tests.swift in Sources */ = {isa = PBXBuildFile; fileRef = EAED490E2AD9B15500DF4348 /* week6Tests.swift */; };
		EAED49192AD9B15500DF4348 /* week6UITests.swift in Sources */ = {isa = PBXBuildFile; fileRef = EAED49182AD9B15500DF4348 /* week6UITests.swift */; };
		EAED491B2AD9B15500DF4348 /* week6UITestsLaunchTests.swift in Sources */ = {isa = PBXBuildFile; fileRef = EAED491A2AD9B15500DF4348 /* week6UITestsLaunchTests.swift */; };
/* End PBXBuildFile section */

/* Begin PBXContainerItemProxy section */
		EAED490B2AD9B15500DF4348 /* PBXContainerItemProxy */ = {
			isa = PBXContainerItemProxy;
			containerPortal = EAED48F22AD9B14E00DF4348 /* Project object */;
			proxyType = 1;
			remoteGlobalIDString = EAED48F92AD9B14E00DF4348;
			remoteInfo = week6;
		};
		EAED49152AD9B15500DF4348 /* PBXContainerItemProxy */ = {
			isa = PBXContainerItemProxy;
			containerPortal = EAED48F22AD9B14E00DF4348 /* Project object */;
			proxyType = 1;
			remoteGlobalIDString = EAED48F92AD9B14E00DF4348;
			remoteInfo = week6;
		};
/* End PBXContainerItemProxy section */

/* Begin PBXFileReference section */
		EAED48FA2AD9B14E00DF4348 /* week6.app */ = {isa = PBXFileReference; explicitFileType = wrapper.application; includeInIndex = 0; path = week6.app; sourceTree = BUILT_PRODUCTS_DIR; };
		EAED48FD2AD9B14E00DF4348 /* week6App.swift */ = {isa = PBXFileReference; lastKnownFileType = sourcecode.swift; path = week6App.swift; sourceTree = "<group>"; };
		EAED48FF2AD9B14E00DF4348 /* ContentView.swift */ = {isa = PBXFileReference; lastKnownFileType = sourcecode.swift; path = ContentView.swift; sourceTree = "<group>"; };
		EAED49012AD9B15500DF4348 /* Assets.xcassets */ = {isa = PBXFileReference; lastKnownFileType = folder.assetcatalog; path = Assets.xcassets; sourceTree = "<group>"; };
		EAED49042AD9B15500DF4348 /* Preview Assets.xcassets */ = {isa = PBXFileReference; lastKnownFileType = folder.assetcatalog; path = "Preview Assets.xcassets"; sourceTree = "<group>"; };
		EAED490A2AD9B15500DF4348 /* week6Tests.xctest */ = {isa = PBXFileReference; explicitFileType = wrapper.cfbundle; includeInIndex = 0; path = week6Tests.xctest; sourceTree = BUILT_PRODUCTS_DIR; };
		EAED490E2AD9B15500DF4348 /* week6Tests.swift */ = {isa = PBXFileReference; lastKnownFileType = sourcecode.swift; path = week6Tests.swift; sourceTree = "<group>"; };
		EAED49142AD9B15500DF4348 /* week6UITests.xctest */ = {isa = PBXFileReference; explicitFileType = wrapper.cfbundle; includeInIndex = 0; path = week6UITests.xctest; sourceTree = BUILT_PRODUCTS_DIR; };
		EAED49182AD9B15500DF4348 /* week6UITests.swift */ = {isa = PBXFileReference; lastKnownFileType = sourcecode.swift; path = week6UITests.swift; sourceTree = "<group>"; };
		EAED491A2AD9B15500DF4348 /* week6UITestsLaunchTests.swift */ = {isa = PBXFileReference; lastKnownFileType = sourcecode.swift; path = week6UITestsLaunchTests.swift; sourceTree = "<group>"; };
/* End PBXFileReference section */

/* Begin PBXFrameworksBuildPhase section */
		EAED48F72AD9B14E00DF4348 /* Frameworks */ = {
			isa = PBXFrameworksBuildPhase;
			buildActionMask = 2147483647;
			files = (
			);
			runOnlyForDeploymentPostprocessing = 0;
		};
		EAED49072AD9B15500DF4348 /* Frameworks */ = {
			isa = PBXFrameworksBuildPhase;
			buildActionMask = 2147483647;
			files = (
			);
			runOnlyForDeploymentPostprocessing = 0;
		};
		EAED49112AD9B15500DF4348 /* Frameworks */ = {
			isa = PBXFrameworksBuildPhase;
			buildActionMask = 2147483647;
			files = (
			);
			runOnlyForDeploymentPostprocessing = 0;
		};
/* End PBXFrameworksBuildPhase section */

/* Begin PBXGroup section */
		EAED48F12AD9B14E00DF4348 = {
			isa = PBXGroup;
			children = (
				EAED48FC2AD9B14E00DF4348 /* week6 */,
				EAED490D2AD9B15500DF4348 /* week6Tests */,
				EAED49172AD9B15500DF4348 /* week6UITests */,
				EAED48FB2AD9B14E00DF4348 /* Products */,
			);
			sourceTree = "<group>";
		};
		EAED48FB2AD9B14E00DF4348 /* Products */ = {
			isa = PBXGroup;
			children = (
				EAED48FA2AD9B14E00DF4348 /* week6.app */,
				EAED490A2AD9B15500DF4348 /* week6Tests.xctest */,
				EAED49142AD9B15500DF4348 /* week6UITests.xctest */,
			);
			name = Products;
			sourceTree = "<group>";
		};
		EAED48FC2AD9B14E00DF4348 /* week6 */ = {
			isa = PBXGroup;
			children = (
				EAED48FD2AD9B14E00DF4348 /* week6App.swift */,
				EAED48FF2AD9B14E00DF4348 /* ContentView.swift */,
				EAED49012AD9B15500DF4348 /* Assets.xcassets */,
				EAED49032AD9B15500DF4348 /* Preview Content */,
			);
			path = week6;
			sourceTree = "<group>";
		};
		EAED49032AD9B15500DF4348 /* Preview Content */ = {
			isa = PBXGroup;
			children = (
				EAED49042AD9B15500DF4348 /* Preview Assets.xcassets */,
			);
			path = "Preview Content";
			sourceTree = "<group>";
		};
		EAED490D2AD9B15500DF4348 /* week6Tests */ = {
			isa = PBXGroup;
			children = (
				EAED490E2AD9B15500DF4348 /* week6Tests.swift */,
			);
			path = week6Tests;
			sourceTree = "<group>";
		};
		EAED49172AD9B15500DF4348 /* week6UITests */ = {
			isa = PBXGroup;
			children = (
				EAED49182AD9B15500DF4348 /* week6UITests.swift */,
				EAED491A2AD9B15500DF4348 /* week6UITestsLaunchTests.swift */,
			);
			path = week6UITests;
			sourceTree = "<group>";
		};
/* End PBXGroup section */

/* Begin PBXNativeTarget section */
		EAED48F92AD9B14E00DF4348 /* week6 */ = {
			isa = PBXNativeTarget;
			buildConfigurationList = EAED491E2AD9B15500DF4348 /* Build configuration list for PBXNativeTarget "week6" */;
			buildPhases = (
				EAED48F62AD9B14E00DF4348 /* Sources */,
				EAED48F72AD9B14E00DF4348 /* Frameworks */,
				EAED48F82AD9B14E00DF4348 /* Resources */,
			);
			buildRules = (
			);
			dependencies = (
			);
			name = week6;
			productName = week6;
			productReference = EAED48FA2AD9B14E00DF4348 /* week6.app */;
			productType = "com.apple.product-type.application";
		};
		EAED49092AD9B15500DF4348 /* week6Tests */ = {
			isa = PBXNativeTarget;
			buildConfigurationList = EAED49212AD9B15500DF4348 /* Build configuration list for PBXNativeTarget "week6Tests" */;
			buildPhases = (
				EAED49062AD9B15500DF4348 /* Sources */,
				EAED49072AD9B15500DF4348 /* Frameworks */,
				EAED49082AD9B15500DF4348 /* Resources */,
			);
			buildRules = (
			);
			dependencies = (
				EAED490C2AD9B15500DF4348 /* PBXTargetDependency */,
			);
			name = week6Tests;
			productName = week6Tests;
			productReference = EAED490A2AD9B15500DF4348 /* week6Tests.xctest */;
			productType = "com.apple.product-type.bundle.unit-test";
		};
		EAED49132AD9B15500DF4348 /* week6UITests */ = {
			isa = PBXNativeTarget;
			buildConfigurationList = EAED49242AD9B15500DF4348 /* Build configuration list for PBXNativeTarget "week6UITests" */;
			buildPhases = (
				EAED49102AD9B15500DF4348 /* Sources */,
				EAED49112AD9B15500DF4348 /* Frameworks */,
				EAED49122AD9B15500DF4348 /* Resources */,
			);
			buildRules = (
			);
			dependencies = (
				EAED49162AD9B15500DF4348 /* PBXTargetDependency */,
			);
			name = week6UITests;
			productName = week6UITests;
			productReference = EAED49142AD9B15500DF4348 /* week6UITests.xctest */;
			productType = "com.apple.product-type.bundle.ui-testing";
		};
/* End PBXNativeTarget section */

/* Begin PBXProject section */
		EAED48F22AD9B14E00DF4348 /* Project object */ = {
			isa = PBXProject;
			attributes = {
				BuildIndependentTargetsInParallel = 1;
				LastSwiftUpdateCheck = 1500;
				LastUpgradeCheck = 1500;
				TargetAttributes = {
					EAED48F92AD9B14E00DF4348 = {
						CreatedOnToolsVersion = 15.0;
					};
					EAED49092AD9B15500DF4348 = {
						CreatedOnToolsVersion = 15.0;
						TestTargetID = EAED48F92AD9B14E00DF4348;
					};
					EAED49132AD9B15500DF4348 = {
						CreatedOnToolsVersion = 15.0;
						TestTargetID = EAED48F92AD9B14E00DF4348;
					};
				};
			};
			buildConfigurationList = EAED48F52AD9B14E00DF4348 /* Build configuration list for PBXProject "week6" */;
			compatibilityVersion = "Xcode 14.0";
			developmentRegion = en;
			hasScannedForEncodings = 0;
			knownRegions = (
				en,
				Base,
			);
			mainGroup = EAED48F12AD9B14E00DF4348;
			productRefGroup = EAED48FB2AD9B14E00DF4348 /* Products */;
			projectDirPath = "";
			projectRoot = "";
			targets = (
				EAED48F92AD9B14E00DF4348 /* week6 */,
				EAED49092AD9B15500DF4348 /* week6Tests */,
				EAED49132AD9B15500DF4348 /* week6UITests */,
			);
		};
/* End PBXProject section */

/* Begin PBXResourcesBuildPhase section */
		EAED48F82AD9B14E00DF4348 /* Resources */ = {
			isa = PBXResourcesBuildPhase;
			buildActionMask = 2147483647;
			files = (
				EAED49052AD9B15500DF4348 /* Preview Assets.xcassets in Resources */,
				EAED49022AD9B15500DF4348 /* Assets.xcassets in Resources */,
			);
			runOnlyForDeploymentPostprocessing = 0;
		};
		EAED49082AD9B15500DF4348 /* Resources */ = {
			isa = PBXResourcesBuildPhase;
			buildActionMask = 2147483647;
			files = (
			);
			runOnlyForDeploymentPostprocessing = 0;
		};
		EAED49122AD9B15500DF4348 /* Resources */ = {
			isa = PBXResourcesBuildPhase;
			buildActionMask = 2147483647;
			files = (
			);
			runOnlyForDeploymentPostprocessing = 0;
		};
/* End PBXResourcesBuildPhase section */

/* Begin PBXSourcesBuildPhase section */
		EAED48F62AD9B14E00DF4348 /* Sources */ = {
			isa = PBXSourcesBuildPhase;
			buildActionMask = 2147483647;
			files = (
				EAED49002AD9B14E00DF4348 /* ContentView.swift in Sources */,
				EAED48FE2AD9B14E00DF4348 /* week6App.swift in Sources */,
			);
			runOnlyForDeploymentPostprocessing = 0;
		};
		EAED49062AD9B15500DF4348 /* Sources */ = {
			isa = PBXSourcesBuildPhase;
			buildActionMask = 2147483647;
			files = (
				EAED490F2AD9B15500DF4348 /* week6Tests.swift in Sources */,
			);
			runOnlyForDeploymentPostprocessing = 0;
		};
		EAED49102AD9B15500DF4348 /* Sources */ = {
			isa = PBXSourcesBuildPhase;
			buildActionMask = 2147483647;
			files = (
				EAED49192AD9B15500DF4348 /* week6UITests.swift in Sources */,
				EAED491B2AD9B15500DF4348 /* week6UITestsLaunchTests.swift in Sources */,
			);
			runOnlyForDeploymentPostprocessing = 0;
		};
/* End PBXSourcesBuildPhase section */

/* Begin PBXTargetDependency section */
		EAED490C2AD9B15500DF4348 /* PBXTargetDependency */ = {
			isa = PBXTargetDependency;
			target = EAED48F92AD9B14E00DF4348 /* week6 */;
			targetProxy = EAED490B2AD9B15500DF4348 /* PBXContainerItemProxy */;
		};
		EAED49162AD9B15500DF4348 /* PBXTargetDependency */ = {
			isa = PBXTargetDependency;
			target = EAED48F92AD9B14E00DF4348 /* week6 */;
			targetProxy = EAED49152AD9B15500DF4348 /* PBXContainerItemProxy */;
		};
/* End PBXTargetDependency section */

/* Begin XCBuildConfiguration section */
		EAED491C2AD9B15500DF4348 /* Debug */ = {
			isa = XCBuildConfiguration;
			buildSettings = {
				ALWAYS_SEARCH_USER_PATHS = NO;
				ASSETCATALOG_COMPILER_GENERATE_SWIFT_ASSET_SYMBOL_EXTENSIONS = YES;
				CLANG_ANALYZER_NONNULL = YES;
				CLANG_ANALYZER_NUMBER_OBJECT_CONVERSION = YES_AGGRESSIVE;
				CLANG_CXX_LANGUAGE_STANDARD = "gnu++20";
				CLANG_ENABLE_MODULES = YES;
				CLANG_ENABLE_OBJC_ARC = YES;
				CLANG_ENABLE_OBJC_WEAK = YES;
				CLANG_WARN_BLOCK_CAPTURE_AUTORELEASING = YES;
				CLANG_WARN_BOOL_CONVERSION = YES;
				CLANG_WARN_COMMA = YES;
				CLANG_WARN_CONSTANT_CONVERSION = YES;
				CLANG_WARN_DEPRECATED_OBJC_IMPLEMENTATIONS = YES;
				CLANG_WARN_DIRECT_OBJC_ISA_USAGE = YES_ERROR;
				CLANG_WARN_DOCUMENTATION_COMMENTS = YES;
				CLANG_WARN_EMPTY_BODY = YES;
				CLANG_WARN_ENUM_CONVERSION = YES;
				CLANG_WARN_INFINITE_RECURSION = YES;
				CLANG_WARN_INT_CONVERSION = YES;
				CLANG_WARN_NON_LITERAL_NULL_CONVERSION = YES;
				CLANG_WARN_OBJC_IMPLICIT_RETAIN_SELF = YES;
				CLANG_WARN_OBJC_LITERAL_CONVERSION = YES;
				CLANG_WARN_OBJC_ROOT_CLASS = YES_ERROR;
				CLANG_WARN_QUOTED_INCLUDE_IN_FRAMEWORK_HEADER = YES;
				CLANG_WARN_RANGE_LOOP_ANALYSIS = YES;
				CLANG_WARN_STRICT_PROTOTYPES = YES;
				CLANG_WARN_SUSPICIOUS_MOVE = YES;
				CLANG_WARN_UNGUARDED_AVAILABILITY = YES_AGGRESSIVE;
				CLANG_WARN_UNREACHABLE_CODE = YES;
				CLANG_WARN__DUPLICATE_METHOD_MATCH = YES;
				COPY_PHASE_STRIP = NO;
				DEBUG_INFORMATION_FORMAT = dwarf;
				ENABLE_STRICT_OBJC_MSGSEND = YES;
				ENABLE_TESTABILITY = YES;
				ENABLE_USER_SCRIPT_SANDBOXING = YES;
				GCC_C_LANGUAGE_STANDARD = gnu17;
				GCC_DYNAMIC_NO_PIC = NO;
				GCC_NO_COMMON_BLOCKS = YES;
				GCC_OPTIMIZATION_LEVEL = 0;
				GCC_PREPROCESSOR_DEFINITIONS = (
					"DEBUG=1",
					"$(inherited)",
				);
				GCC_WARN_64_TO_32_BIT_CONVERSION = YES;
				GCC_WARN_ABOUT_RETURN_TYPE = YES_ERROR;
				GCC_WARN_UNDECLARED_SELECTOR = YES;
				GCC_WARN_UNINITIALIZED_AUTOS = YES_AGGRESSIVE;
				GCC_WARN_UNUSED_FUNCTION = YES;
				GCC_WARN_UNUSED_VARIABLE = YES;
				IPHONEOS_DEPLOYMENT_TARGET = 17.0;
				LOCALIZATION_PREFERS_STRING_CATALOGS = YES;
				MTL_ENABLE_DEBUG_INFO = INCLUDE_SOURCE;
				MTL_FAST_MATH = YES;
				ONLY_ACTIVE_ARCH = YES;
				SDKROOT = iphoneos;
				SWIFT_ACTIVE_COMPILATION_CONDITIONS = "DEBUG $(inherited)";
				SWIFT_OPTIMIZATION_LEVEL = "-Onone";
			};
			name = Debug;
		};
		EAED491D2AD9B15500DF4348 /* Release */ = {
			isa = XCBuildConfiguration;
			buildSettings = {
				ALWAYS_SEARCH_USER_PATHS = NO;
				ASSETCATALOG_COMPILER_GENERATE_SWIFT_ASSET_SYMBOL_EXTENSIONS = YES;
				CLANG_ANALYZER_NONNULL = YES;
				CLANG_ANALYZER_NUMBER_OBJECT_CONVERSION = YES_AGGRESSIVE;
				CLANG_CXX_LANGUAGE_STANDARD = "gnu++20";
				CLANG_ENABLE_MODULES = YES;
				CLANG_ENABLE_OBJC_ARC = YES;
				CLANG_ENABLE_OBJC_WEAK = YES;
				CLANG_WARN_BLOCK_CAPTURE_AUTORELEASING = YES;
				CLANG_WARN_BOOL_CONVERSION = YES;
				CLANG_WARN_COMMA = YES;
				CLANG_WARN_CONSTANT_CONVERSION = YES;
				CLANG_WARN_DEPRECATED_OBJC_IMPLEMENTATIONS = YES;
				CLANG_WARN_DIRECT_OBJC_ISA_USAGE = YES_ERROR;
				CLANG_WARN_DOCUMENTATION_COMMENTS = YES;
				CLANG_WARN_EMPTY_BODY = YES;
				CLANG_WARN_ENUM_CONVERSION = YES;
				CLANG_WARN_INFINITE_RECURSION = YES;
				CLANG_WARN_INT_CONVERSION = YES;
				CLANG_WARN_NON_LITERAL_NULL_CONVERSION = YES;
				CLANG_WARN_OBJC_IMPLICIT_RETAIN_SELF = YES;
				CLANG_WARN_OBJC_LITERAL_CONVERSION = YES;
				CLANG_WARN_OBJC_ROOT_CLASS = YES_ERROR;
				CLANG_WARN_QUOTED_INCLUDE_IN_FRAMEWORK_HEADER = YES;
				CLANG_WARN_RANGE_LOOP_ANALYSIS = YES;
				CLANG_WARN_STRICT_PROTOTYPES = YES;
				CLANG_WARN_SUSPICIOUS_MOVE = YES;
				CLANG_WARN_UNGUARDED_AVAILABILITY = YES_AGGRESSIVE;
				CLANG_WARN_UNREACHABLE_CODE = YES;
				CLANG_WARN__DUPLICATE_METHOD_MATCH = YES;
				COPY_PHASE_STRIP = NO;
				DEBUG_INFORMATION_FORMAT = "dwarf-with-dsym";
				ENABLE_NS_ASSERTIONS = NO;
				ENABLE_STRICT_OBJC_MSGSEND = YES;
				ENABLE_USER_SCRIPT_SANDBOXING = YES;
				GCC_C_LANGUAGE_STANDARD = gnu17;
				GCC_NO_COMMON_BLOCKS = YES;
				GCC_WARN_64_TO_32_BIT_CONVERSION = YES;
				GCC_WARN_ABOUT_RETURN_TYPE = YES_ERROR;
				GCC_WARN_UNDECLARED_SELECTOR = YES;
				GCC_WARN_UNINITIALIZED_AUTOS = YES_AGGRESSIVE;
				GCC_WARN_UNUSED_FUNCTION = YES;
				GCC_WARN_UNUSED_VARIABLE = YES;
				IPHONEOS_DEPLOYMENT_TARGET = 17.0;
				LOCALIZATION_PREFERS_STRING_CATALOGS = YES;
				MTL_ENABLE_DEBUG_INFO = NO;
				MTL_FAST_MATH = YES;
				SDKROOT = iphoneos;
				SWIFT_COMPILATION_MODE = wholemodule;
				VALIDATE_PRODUCT = YES;
			};
			name = Release;
		};
		EAED491F2AD9B15500DF4348 /* Debug */ = {
			isa = XCBuildConfiguration;
			buildSettings = {
				ASSETCATALOG_COMPILER_APPICON_NAME = AppIcon;
				ASSETCATALOG_COMPILER_GLOBAL_ACCENT_COLOR_NAME = AccentColor;
				CODE_SIGN_STYLE = Automatic;
				CURRENT_PROJECT_VERSION = 1;
				DEVELOPMENT_ASSET_PATHS = "\"week6/Preview Content\"";
				DEVELOPMENT_TEAM = V94L67MHG8;
				ENABLE_PREVIEWS = YES;
				GENERATE_INFOPLIST_FILE = YES;
				INFOPLIST_KEY_UIApplicationSceneManifest_Generation = YES;
				INFOPLIST_KEY_UIApplicationSupportsIndirectInputEvents = YES;
				INFOPLIST_KEY_UILaunchScreen_Generation = YES;
				INFOPLIST_KEY_UISupportedInterfaceOrientations_iPad = "UIInterfaceOrientationPortrait UIInterfaceOrientationPortraitUpsideDown UIInterfaceOrientationLandscapeLeft UIInterfaceOrientationLandscapeRight";
				INFOPLIST_KEY_UISupportedInterfaceOrientations_iPhone = "UIInterfaceOrientationPortrait UIInterfaceOrientationLandscapeLeft UIInterfaceOrientationLandscapeRight";
				LD_RUNPATH_SEARCH_PATHS = (
					"$(inherited)",
					"@executable_path/Frameworks",
				);
				MARKETING_VERSION = 1.0;
				PRODUCT_BUNDLE_IDENTIFIER = Giselle.week6;
				PRODUCT_NAME = "$(TARGET_NAME)";
				SWIFT_EMIT_LOC_STRINGS = YES;
				SWIFT_VERSION = 5.0;
				TARGETED_DEVICE_FAMILY = "1,2";
			};
			name = Debug;
		};
		EAED49202AD9B15500DF4348 /* Release */ = {
			isa = XCBuildConfiguration;
			buildSettings = {
				ASSETCATALOG_COMPILER_APPICON_NAME = AppIcon;
				ASSETCATALOG_COMPILER_GLOBAL_ACCENT_COLOR_NAME = AccentColor;
				CODE_SIGN_STYLE = Automatic;
				CURRENT_PROJECT_VERSION = 1;
				DEVELOPMENT_ASSET_PATHS = "\"week6/Preview Content\"";
				DEVELOPMENT_TEAM = V94L67MHG8;
				ENABLE_PREVIEWS = YES;
				GENERATE_INFOPLIST_FILE = YES;
				INFOPLIST_KEY_UIApplicationSceneManifest_Generation = YES;
				INFOPLIST_KEY_UIApplicationSupportsIndirectInputEvents = YES;
				INFOPLIST_KEY_UILaunchScreen_Generation = YES;
				INFOPLIST_KEY_UISupportedInterfaceOrientations_iPad = "UIInterfaceOrientationPortrait UIInterfaceOrientationPortraitUpsideDown UIInterfaceOrientationLandscapeLeft UIInterfaceOrientationLandscapeRight";
				INFOPLIST_KEY_UISupportedInterfaceOrientations_iPhone = "UIInterfaceOrientationPortrait UIInterfaceOrientationLandscapeLeft UIInterfaceOrientationLandscapeRight";
				LD_RUNPATH_SEARCH_PATHS = (
					"$(inherited)",
					"@executable_path/Frameworks",
				);
				MARKETING_VERSION = 1.0;
				PRODUCT_BUNDLE_IDENTIFIER = Giselle.week6;
				PRODUCT_NAME = "$(TARGET_NAME)";
				SWIFT_EMIT_LOC_STRINGS = YES;
				SWIFT_VERSION = 5.0;
				TARGETED_DEVICE_FAMILY = "1,2";
			};
			name = Release;
		};
		EAED49222AD9B15500DF4348 /* Debug */ = {
			isa = XCBuildConfiguration;
			buildSettings = {
				ALWAYS_EMBED_SWIFT_STANDARD_LIBRARIES = YES;
				BUNDLE_LOADER = "$(TEST_HOST)";
				CODE_SIGN_STYLE = Automatic;
				CURRENT_PROJECT_VERSION = 1;
				DEVELOPMENT_TEAM = V94L67MHG8;
				GENERATE_INFOPLIST_FILE = YES;
				IPHONEOS_DEPLOYMENT_TARGET = 17.0;
				MARKETING_VERSION = 1.0;
				PRODUCT_BUNDLE_IDENTIFIER = Giselle.week6Tests;
				PRODUCT_NAME = "$(TARGET_NAME)";
				SWIFT_EMIT_LOC_STRINGS = NO;
				SWIFT_VERSION = 5.0;
				TARGETED_DEVICE_FAMILY = "1,2";
				TEST_HOST = "$(BUILT_PRODUCTS_DIR)/week6.app/$(BUNDLE_EXECUTABLE_FOLDER_PATH)/week6";
			};
			name = Debug;
		};
		EAED49232AD9B15500DF4348 /* Release */ = {
			isa = XCBuildConfiguration;
			buildSettings = {
				ALWAYS_EMBED_SWIFT_STANDARD_LIBRARIES = YES;
				BUNDLE_LOADER = "$(TEST_HOST)";
				CODE_SIGN_STYLE = Automatic;
				CURRENT_PROJECT_VERSION = 1;
				DEVELOPMENT_TEAM = V94L67MHG8;
				GENERATE_INFOPLIST_FILE = YES;
				IPHONEOS_DEPLOYMENT_TARGET = 17.0;
				MARKETING_VERSION = 1.0;
				PRODUCT_BUNDLE_IDENTIFIER = Giselle.week6Tests;
				PRODUCT_NAME = "$(TARGET_NAME)";
				SWIFT_EMIT_LOC_STRINGS = NO;
				SWIFT_VERSION = 5.0;
				TARGETED_DEVICE_FAMILY = "1,2";
				TEST_HOST = "$(BUILT_PRODUCTS_DIR)/week6.app/$(BUNDLE_EXECUTABLE_FOLDER_PATH)/week6";
			};
			name = Release;
		};
		EAED49252AD9B15500DF4348 /* Debug */ = {
			isa = XCBuildConfiguration;
			buildSettings = {
				ALWAYS_EMBED_SWIFT_STANDARD_LIBRARIES = YES;
				CODE_SIGN_STYLE = Automatic;
				CURRENT_PROJECT_VERSION = 1;
				DEVELOPMENT_TEAM = V94L67MHG8;
				GENERATE_INFOPLIST_FILE = YES;
				MARKETING_VERSION = 1.0;
				PRODUCT_BUNDLE_IDENTIFIER = Giselle.week6UITests;
				PRODUCT_NAME = "$(TARGET_NAME)";
				SWIFT_EMIT_LOC_STRINGS = NO;
				SWIFT_VERSION = 5.0;
				TARGETED_DEVICE_FAMILY = "1,2";
				TEST_TARGET_NAME = week6;
			};
			name = Debug;
		};
		EAED49262AD9B15500DF4348 /* Release */ = {
			isa = XCBuildConfiguration;
			buildSettings = {
				ALWAYS_EMBED_SWIFT_STANDARD_LIBRARIES = YES;
				CODE_SIGN_STYLE = Automatic;
				CURRENT_PROJECT_VERSION = 1;
				DEVELOPMENT_TEAM = V94L67MHG8;
				GENERATE_INFOPLIST_FILE = YES;
				MARKETING_VERSION = 1.0;
				PRODUCT_BUNDLE_IDENTIFIER = Giselle.week6UITests;
				PRODUCT_NAME = "$(TARGET_NAME)";
				SWIFT_EMIT_LOC_STRINGS = NO;
				SWIFT_VERSION = 5.0;
				TARGETED_DEVICE_FAMILY = "1,2";
				TEST_TARGET_NAME = week6;
			};
			name = Release;
		};
/* End XCBuildConfiguration section */

/* Begin XCConfigurationList section */
		EAED48F52AD9B14E00DF4348 /* Build configuration list for PBXProject "week6" */ = {
			isa = XCConfigurationList;
			buildConfigurations = (
				EAED491C2AD9B15500DF4348 /* Debug */,
				EAED491D2AD9B15500DF4348 /* Release */,
			);
			defaultConfigurationIsVisible = 0;
			defaultConfigurationName = Release;
		};
		EAED491E2AD9B15500DF4348 /* Build configuration list for PBXNativeTarget "week6" */ = {
			isa = XCConfigurationList;
			buildConfigurations = (
				EAED491F2AD9B15500DF4348 /* Debug */,
				EAED49202AD9B15500DF4348 /* Release */,
			);
			defaultConfigurationIsVisible = 0;
			defaultConfigurationName = Release;
		};
		EAED49212AD9B15500DF4348 /* Build configuration list for PBXNativeTarget "week6Tests" */ = {
			isa = XCConfigurationList;
			buildConfigurations = (
				EAED49222AD9B15500DF4348 /* Debug */,
				EAED49232AD9B15500DF4348 /* Release */,
			);
			defaultConfigurationIsVisible = 0;
			defaultConfigurationName = Release;
		};
		EAED49242AD9B15500DF4348 /* Build configuration list for PBXNativeTarget "week6UITests" */ = {
			isa = XCConfigurationList;
			buildConfigurations = (
				EAED49252AD9B15500DF4348 /* Debug */,
				EAED49262AD9B15500DF4348 /* Release */,
			);
			defaultConfigurationIsVisible = 0;
			defaultConfigurationName = Release;
		};
/* End XCConfigurationList section */
	};
	rootObject = EAED48F22AD9B14E00DF4348 /* Project object */;
}
